
Microsoft Visual Studio Solution File, Format Version 12.00
# Visual Studio Version 18
VisualStudioVersion = 18.4.11626.88 stable
MinimumVisualStudioVersion = 10.0.40219.1
Project("{FAE04EC0-301F-11D3-BF4B-00C04F79EFBC}") = "MintCloud", "MintCloud.csproj", "{BB3A3508-44B6-585D-E794-372E9A5C1CD4}"
EndProject
Global
	GlobalSection(SolutionConfigurationPlatforms) = preSolution
		Debug|Any CPU = Debug|Any CPU
		Release|Any CPU = Release|Any CPU
	EndGlobalSection
	GlobalSection(ProjectConfigurationPlatforms) = postSolution
		{BB3A3508-44B6-585D-E794-372E9A5C1CD4}.Debug|Any CPU.ActiveCfg = Debug|Any CPU
		{BB3A3508-44B6-585D-E794-372E9A5C1CD4}.Debug|Any CPU.Build.0 = Debug|Any CPU
		{BB3A3508-44B6-585D-E794-372E9A5C1CD4}.Release|Any CPU.ActiveCfg = Release|Any CPU
		{BB3A3508-44B6-585D-E794-372E9A5C1CD4}.Release|Any CPU.Build.0 = Release|Any CPU
	EndGlobalSection
	GlobalSection(SolutionProperties) = preSolution
		HideSolutionNode = FALSE
	EndGlobalSection
	GlobalSection(ExtensibilityGlobals) = postSolution
		SolutionGuid = {747BD792-BE4C-46E5-91A1-ACA2A688471E}
	EndGlobalSection
EndGlobal
